{
  "name": "miniprogram",
  "version": "1.0.0",
  "lockfileVersion": 2,
  "requires": true,
  "packages": {
    "": {
      "name": "miniprogram",
      "version": "1.0.0",
      "license": "ISC",
      "dependencies": {
        "@miniprogram-component-plus/tabs": "^1.0.0",
        "tim-upload-plugin": "^1.0.3",
        "tim-wx-sdk": "^2.15.0"
      }
    },
    "node_modules/@miniprogram-component-plus/tabs": {
      "version": "1.0.0",
      "resolved": "https://registry.npmjs.org/@miniprogram-component-plus/tabs/-/tabs-1.0.0.tgz",
      "integrity": "sha512-oV9dFpIoYAz0IbDECS9toS1GHivWoAd1cchxeZKCBV3PoPCEipHOeXQS3K2USr7EY8LDyfg3f0tDAacPfagYjg=="
    },
    "node_modules/tim-upload-plugin": {
      "version": "1.0.3",
      "resolved": "https://registry.npmjs.org/tim-upload-plugin/-/tim-upload-plugin-1.0.3.tgz",
      "integrity": "sha512-cbPhPKI5Q+VP4R8dAlNo0H/KE/zZ89y91Jqz8eIRxNfg2tfGjfNjWilGhlt4eik9R5Dw2Vmc5QyiNKZ6z0r/Fw=="
    },
    "node_modules/tim-wx-sdk": {
      "version": "2.15.0",
      "resolved": "https://registry.npmjs.org/tim-wx-sdk/-/tim-wx-sdk-2.15.0.tgz",
      "integrity": "sha512-XVLQ+QtvL41y1ppw6bOseYLYUG4e+l7VmAFx+TTsXomSTHiHyWBipUhd8VsI8E0kTy20IIBCMeWkw0ziVD6kEA=="
    }
  },
  "dependencies": {
    "@miniprogram-component-plus/tabs": {
      "version": "1.0.0",
      "resolved": "https://registry.npmjs.org/@miniprogram-component-plus/tabs/-/tabs-1.0.0.tgz",
      "integrity": "sha512-oV9dFpIoYAz0IbDECS9toS1GHivWoAd1cchxeZKCBV3PoPCEipHOeXQS3K2USr7EY8LDyfg3f0tDAacPfagYjg=="
    },
    "tim-upload-plugin": {
      "version": "1.0.3",
      "resolved": "https://registry.npmjs.org/tim-upload-plugin/-/tim-upload-plugin-1.0.3.tgz",
      "integrity": "sha512-cbPhPKI5Q+VP4R8dAlNo0H/KE/zZ89y91Jqz8eIRxNfg2tfGjfNjWilGhlt4eik9R5Dw2Vmc5QyiNKZ6z0r/Fw=="
    },
    "tim-wx-sdk": {
      "version": "2.15.0",
      "resolved": "https://registry.npmjs.org/tim-wx-sdk/-/tim-wx-sdk-2.15.0.tgz",
      "integrity": "sha512-XVLQ+QtvL41y1ppw6bOseYLYUG4e+l7VmAFx+TTsXomSTHiHyWBipUhd8VsI8E0kTy20IIBCMeWkw0ziVD6kEA=="
    }
  }
}
